{
  "name": "chessimus-mvp",
  "version": "0.1.0",
  "lockfileVersion": 3,
  "requires": true,
  "packages": {
    "": {
      "name": "chessimus-mvp",
      "version": "0.1.0",
      "dependencies": {
        "@chrisoakman/chessboardjs": "^1.0.0",
        "chess.js": "^1.0.0",
        "dotenv": "^16.4.5"
      }
    },
    "node_modules/@chrisoakman/chessboardjs": {
      "version": "1.0.0",
      "resolved": "https://registry.npmjs.org/@chrisoakman/chessboardjs/-/chessboardjs-1.0.0.tgz",
      "integrity": "sha512-JHXHoQwwc86xW3F0YIdFcEWLnPldee5mHkqwJbOTeDh5gvNmYXyBj6AkeecDkj2WtORF959yaWYlpyZHUl3LCQ==",
      "license": "MIT",
      "dependencies": {
        "jquery": ">=3.4.1"
      }
    },
    "node_modules/chess.js": {
      "version": "1.4.0",
      "resolved": "https://registry.npmjs.org/chess.js/-/chess.js-1.4.0.tgz",
      "integrity": "sha512-BBJgrrtKQOzFLonR0l+k64A98NLemPwNsCskwb+29bRwobUa4iTm51E1kwGPbWXAcfdDa18nad6vpPPKPWarqw==",
      "license": "BSD-2-Clause"
    },
    "node_modules/dotenv": {
      "version": "16.6.1",
      "resolved": "https://registry.npmjs.org/dotenv/-/dotenv-16.6.1.tgz",
      "integrity": "sha512-uBq4egWHTcTt33a72vpSG0z3HnPuIl6NqYcTrKEg2azoEyl2hpW0zqlxysq2pK9HlDIHyHyakeYaYnSAwd8bow==",
      "license": "BSD-2-Clause",
      "engines": {
        "node": ">=12"
      },
      "funding": {
        "url": "https://dotenvx.com"
      }
    },
    "node_modules/jquery": {
      "version": "4.0.0",
      "resolved": "https://registry.npmjs.org/jquery/-/jquery-4.0.0.tgz",
      "integrity": "sha512-TXCHVR3Lb6TZdtw1l3RTLf8RBWVGexdxL6AC8/e0xZKEpBflBsjh9/8LXw+dkNFuOyW9B7iB3O1sP7hS0Kiacg==",
      "license": "MIT"
    }
  }
}
